
Microsoft Visual Studio Solution File, Format Version 12.00
# Visual Studio Version 17
VisualStudioVersion = 17.4.33213.308
MinimumVisualStudioVersion = 10.0.40219.1
Project("{9A19103F-16F7-4668-BE54-9A1E7A4F7556}") = "lab1MVC", "lab1MVC\lab1MVC.csproj", "{28FC7BA5-6D4B-42AE-9E67-8384E0B0CCE4}"
EndProject
Project("{FAE04EC0-301F-11D3-BF4B-00C04F79EFBC}") = "lab2", "lab2\lab2.csproj", "{08C092B3-C385-41DA-AAA2-2562A582590C}"
EndProject
Global
	GlobalSection(SolutionConfigurationPlatforms) = preSolution
		Debug|Any CPU = Debug|Any CPU
		Release|Any CPU = Release|Any CPU
	EndGlobalSection
	GlobalSection(ProjectConfigurationPlatforms) = postSolution
		{28FC7BA5-6D4B-42AE-9E67-8384E0B0CCE4}.Debug|Any CPU.ActiveCfg = Debug|Any CPU
		{28FC7BA5-6D4B-42AE-9E67-8384E0B0CCE4}.Debug|Any CPU.Build.0 = Debug|Any CPU
		{28FC7BA5-6D4B-42AE-9E67-8384E0B0CCE4}.Release|Any CPU.ActiveCfg = Release|Any CPU
		{28FC7BA5-6D4B-42AE-9E67-8384E0B0CCE4}.Release|Any CPU.Build.0 = Release|Any CPU
		{08C092B3-C385-41DA-AAA2-2562A582590C}.Debug|Any CPU.ActiveCfg = Debug|Any CPU
		{08C092B3-C385-41DA-AAA2-2562A582590C}.Debug|Any CPU.Build.0 = Debug|Any CPU
		{08C092B3-C385-41DA-AAA2-2562A582590C}.Release|Any CPU.ActiveCfg = Release|Any CPU
		{08C092B3-C385-41DA-AAA2-2562A582590C}.Release|Any CPU.Build.0 = Release|Any CPU
	EndGlobalSection
	GlobalSection(SolutionProperties) = preSolution
		HideSolutionNode = FALSE
	EndGlobalSection
	GlobalSection(ExtensibilityGlobals) = postSolution
		SolutionGuid = {89AAD41C-E5CD-44BB-9A08-14C5EDE5DAEA}
	EndGlobalSection
EndGlobal
