
Microsoft Visual Studio Solution File, Format Version 12.00
# Visual Studio Version 17
VisualStudioVersion = 17.4.33213.308
MinimumVisualStudioVersion = 10.0.40219.1
Project("{9A19103F-16F7-4668-BE54-9A1E7A4F7556}") = "lab1MVC", "lab1MVC\lab1MVC.csproj", "{28FC7BA5-6D4B-42AE-9E67-8384E0B0CCE4}"
EndProject
Project("{9A19103F-16F7-4668-BE54-9A1E7A4F7556}") = "lab2", "lab2\lab2.csproj", "{08C092B3-C385-41DA-AAA2-2562A582590C}"
EndProject
Project("{FAE04EC0-301F-11D3-BF4B-00C04F79EFBC}") = "lab4.Presentaion", "lab4.Presentaion\lab4.Presentaion.csproj", "{354A5BCB-3FF7-4582-9F48-D47DC41B315B}"
EndProject
Project("{FAE04EC0-301F-11D3-BF4B-00C04F79EFBC}") = "lab4.BL", "lab4.BL\lab4.BL.csproj", "{A173EA52-366D-47D9-90B9-D7599E623271}"
EndProject
Project("{FAE04EC0-301F-11D3-BF4B-00C04F79EFBC}") = "lab4.DAL", "lab4.DAL\lab4.DAL.csproj", "{BA11AE63-99FA-4D61-B942-DAC523CDBD17}"
EndProject
Global
	GlobalSection(SolutionConfigurationPlatforms) = preSolution
		Debug|Any CPU = Debug|Any CPU
		Release|Any CPU = Release|Any CPU
	EndGlobalSection
	GlobalSection(ProjectConfigurationPlatforms) = postSolution
		{28FC7BA5-6D4B-42AE-9E67-8384E0B0CCE4}.Debug|Any CPU.ActiveCfg = Debug|Any CPU
		{28FC7BA5-6D4B-42AE-9E67-8384E0B0CCE4}.Debug|Any CPU.Build.0 = Debug|Any CPU
		{28FC7BA5-6D4B-42AE-9E67-8384E0B0CCE4}.Release|Any CPU.ActiveCfg = Release|Any CPU
		{28FC7BA5-6D4B-42AE-9E67-8384E0B0CCE4}.Release|Any CPU.Build.0 = Release|Any CPU
		{08C092B3-C385-41DA-AAA2-2562A582590C}.Debug|Any CPU.ActiveCfg = Debug|Any CPU
		{08C092B3-C385-41DA-AAA2-2562A582590C}.Debug|Any CPU.Build.0 = Debug|Any CPU
		{08C092B3-C385-41DA-AAA2-2562A582590C}.Release|Any CPU.ActiveCfg = Release|Any CPU
		{08C092B3-C385-41DA-AAA2-2562A582590C}.Release|Any CPU.Build.0 = Release|Any CPU
		{354A5BCB-3FF7-4582-9F48-D47DC41B315B}.Debug|Any CPU.ActiveCfg = Debug|Any CPU
		{354A5BCB-3FF7-4582-9F48-D47DC41B315B}.Debug|Any CPU.Build.0 = Debug|Any CPU
		{354A5BCB-3FF7-4582-9F48-D47DC41B315B}.Release|Any CPU.ActiveCfg = Release|Any CPU
		{354A5BCB-3FF7-4582-9F48-D47DC41B315B}.Release|Any CPU.Build.0 = Release|Any CPU
		{A173EA52-366D-47D9-90B9-D7599E623271}.Debug|Any CPU.ActiveCfg = Debug|Any CPU
		{A173EA52-366D-47D9-90B9-D7599E623271}.Debug|Any CPU.Build.0 = Debug|Any CPU
		{A173EA52-366D-47D9-90B9-D7599E623271}.Release|Any CPU.ActiveCfg = Release|Any CPU
		{A173EA52-366D-47D9-90B9-D7599E623271}.Release|Any CPU.Build.0 = Release|Any CPU
		{BA11AE63-99FA-4D61-B942-DAC523CDBD17}.Debug|Any CPU.ActiveCfg = Debug|Any CPU
		{BA11AE63-99FA-4D61-B942-DAC523CDBD17}.Debug|Any CPU.Build.0 = Debug|Any CPU
		{BA11AE63-99FA-4D61-B942-DAC523CDBD17}.Release|Any CPU.ActiveCfg = Release|Any CPU
		{BA11AE63-99FA-4D61-B942-DAC523CDBD17}.Release|Any CPU.Build.0 = Release|Any CPU
	EndGlobalSection
	GlobalSection(SolutionProperties) = preSolution
		HideSolutionNode = FALSE
	EndGlobalSection
	GlobalSection(ExtensibilityGlobals) = postSolution
		SolutionGuid = {89AAD41C-E5CD-44BB-9A08-14C5EDE5DAEA}
	EndGlobalSection
EndGlobal
